{
	"name": "xm-exam",
	"version": "4.4.2",
	"lockfileVersion": 3,
	"requires": true,
	"packages": {
		"": {
			"name": "xm-exam",
			"version": "4.4.2",
			"dependencies": {
				"vconsole": "^3.15.1"
			}
		},
		"node_modules/mutation-observer": {
			"version": "1.0.3",
			"resolved": "https://registry.npmjs.org/mutation-observer/-/mutation-observer-1.0.3.tgz",
			"integrity": "sha512-M/O/4rF2h776hV7qGMZUH3utZLO/jK7p8rnNgGkjKUw8zCGjRQPxB8z6+5l8+VjRUQ3dNYu4vjqXYLr+U8ZVNA=="
		},
		"node_modules/vconsole": {
			"version": "3.15.1",
			"resolved": "https://registry.npmjs.org/vconsole/-/vconsole-3.15.1.tgz",
			"integrity": "sha512-KH8XLdrq9T5YHJO/ixrjivHfmF2PC2CdVoK6RWZB4yftMykYIaXY1mxZYAic70vADM54kpMQF+dYmvl5NRNy1g==",
			"dependencies": {
				"@babel/runtime": "~7.17.2",
				"copy-text-to-clipboard": "~3.0.1",
				"core-js": "~3.11.0",
				"mutation-observer": "~1.0.3"
			}
		},
		"node_modules/vconsole/node_modules/@babel/runtime": {
			"version": "7.17.9",
			"resolved": "https://registry.npmjs.org/@babel/runtime/-/runtime-7.17.9.tgz",
			"integrity": "sha512-lSiBBvodq29uShpWGNbgFdKYNiFDo5/HIYsaCEY9ff4sb10x9jizo2+pRrSyF4jKZCXqgzuqBOQKbUm90gQwJg==",
			"dependencies": {
				"regenerator-runtime": "^0.13.4"
			},
			"engines": {
				"node": ">=6.9.0"
			}
		},
		"node_modules/vconsole/node_modules/copy-text-to-clipboard": {
			"version": "3.0.1",
			"resolved": "https://registry.npmjs.org/copy-text-to-clipboard/-/copy-text-to-clipboard-3.0.1.tgz",
			"integrity": "sha512-rvVsHrpFcL4F2P8ihsoLdFHmd404+CMg71S756oRSeQgqk51U3kicGdnvfkrxva0xXH92SjGS62B0XIJsbh+9Q==",
			"engines": {
				"node": ">=12"
			},
			"funding": {
				"url": "https://github.com/sponsors/sindresorhus"
			}
		},
		"node_modules/vconsole/node_modules/core-js": {
			"version": "3.11.3",
			"resolved": "https://registry.npmjs.org/core-js/-/core-js-3.11.3.tgz",
			"integrity": "sha512-DFEW9BllWw781Op5KdYGtXfj3s9Cmykzt16bY6elaVuqXHCUwF/5pv0H3IJ7/I3BGjK7OeU+GrjD1ChCkBJPuA==",
			"deprecated": "core-js@<3.23.3 is no longer maintained and not recommended for usage due to the number of issues. Because of the V8 engine whims, feature detection in old core-js versions could cause a slowdown up to 100x even if nothing is polyfilled. Some versions have web compatibility issues. Please, upgrade your dependencies to the actual version of core-js.",
			"hasInstallScript": true,
			"funding": {
				"type": "opencollective",
				"url": "https://opencollective.com/core-js"
			}
		},
		"node_modules/vconsole/node_modules/regenerator-runtime": {
			"version": "0.13.11",
			"resolved": "https://registry.npmjs.org/regenerator-runtime/-/regenerator-runtime-0.13.11.tgz",
			"integrity": "sha512-kY1AZVr2Ra+t+piVaJ4gxaFaReZVH40AKNo7UCX6W+dEwBo/2oZJzqfuN1qLq1oL45o56cPaTXELwrTh8Fpggg=="
		}
	}
}
