{
  "name": "m",
  "lockfileVersion": 3,
  "requires": true,
  "packages": {
    "": {
      "dependencies": {
        "babel-plugin-prismjs": "^2.1.0",
        "prismjs": "^1.30.0"
      }
    },
    "node_modules/babel-plugin-prismjs": {
      "version": "2.1.0",
      "resolved": "https://registry.npmmirror.com/babel-plugin-prismjs/-/babel-plugin-prismjs-2.1.0.tgz",
      "integrity": "sha512-ehzSKYfeAz4U78zi/sfwsjDPlq0LvDKxNefcZTJ/iKBu+plsHsLqZhUeGf1+82LAcA35UZGbU6ksEx2Utphc/g==",
      "license": "MIT",
      "peerDependencies": {
        "prismjs": "^1.18.0"
      }
    },
    "node_modules/prismjs": {
      "version": "1.30.0",
      "resolved": "https://registry.npmmirror.com/prismjs/-/prismjs-1.30.0.tgz",
      "integrity": "sha512-DEvV2ZF2r2/63V+tK8hQvrR2ZGn10srHbXviTlcv7Kpzw8jWiNTqbVgjO3IY8RxrrOUF8VPMQQFysYYYv0YZxw==",
      "license": "MIT",
      "engines": {
        "node": ">=6"
      }
    }
  }
}
