{
  "name": "m",
  "lockfileVersion": 3,
  "requires": true,
  "packages": {
    "": {
      "dependencies": {
        "babel-plugin-prismjs": "~2.1.0",
        "he": "~1.2.0",
        "prismjs": "~1.30.0"
      },
      "devDependencies": {
        "vconsole": "~3.15.1"
      }
    },
    "node_modules/@babel/runtime": {
      "version": "7.28.4",
      "resolved": "https://registry.npmmirror.com/@babel/runtime/-/runtime-7.28.4.tgz",
      "integrity": "sha512-Q/N6JNWvIvPnLDvjlE1OUBLPQHH6l3CltCEsHIujp45zQUSSh8K+gHnaEX45yAT1nyngnINhvWtzN+Nb9D8RAQ==",
      "dev": true,
      "license": "MIT",
      "engines": {
        "node": ">=6.9.0"
      }
    },
    "node_modules/babel-plugin-prismjs": {
      "version": "2.1.0",
      "resolved": "https://registry.npmmirror.com/babel-plugin-prismjs/-/babel-plugin-prismjs-2.1.0.tgz",
      "integrity": "sha512-ehzSKYfeAz4U78zi/sfwsjDPlq0LvDKxNefcZTJ/iKBu+plsHsLqZhUeGf1+82LAcA35UZGbU6ksEx2Utphc/g==",
      "license": "MIT",
      "peerDependencies": {
        "prismjs": "^1.18.0"
      }
    },
    "node_modules/copy-text-to-clipboard": {
      "version": "3.2.1",
      "resolved": "https://registry.npmmirror.com/copy-text-to-clipboard/-/copy-text-to-clipboard-3.2.1.tgz",
      "integrity": "sha512-3am6cw+WOicd0+HyzhC4kYS02wHJUiVQXmAADxfUARKsHBkWl1Vl3QQEiILlSs8YcPS/C0+y/urCNEYQk+byWA==",
      "dev": true,
      "license": "MIT",
      "engines": {
        "node": ">=12"
      },
      "funding": {
        "url": "https://github.com/sponsors/sindresorhus"
      }
    },
    "node_modules/core-js": {
      "version": "3.45.1",
      "resolved": "https://registry.npmmirror.com/core-js/-/core-js-3.45.1.tgz",
      "integrity": "sha512-L4NPsJlCfZsPeXukyzHFlg/i7IIVwHSItR0wg0FLNqYClJ4MQYTYLbC7EkjKYRLZF2iof2MUgN0EGy7MdQFChg==",
      "dev": true,
      "hasInstallScript": true,
      "license": "MIT",
      "funding": {
        "type": "opencollective",
        "url": "https://opencollective.com/core-js"
      }
    },
    "node_modules/he": {
      "version": "1.2.0",
      "resolved": "https://registry.npmmirror.com/he/-/he-1.2.0.tgz",
      "integrity": "sha512-F/1DnUGPopORZi0ni+CvrCgHQ5FyEAHRLSApuYWMmrbSwoN2Mn/7k+Gl38gJnR7yyDZk6WLXwiGod1JOWNDKGw==",
      "license": "MIT",
      "bin": {
        "he": "bin/he"
      }
    },
    "node_modules/mutation-observer": {
      "version": "1.0.3",
      "resolved": "https://registry.npmmirror.com/mutation-observer/-/mutation-observer-1.0.3.tgz",
      "integrity": "sha512-M/O/4rF2h776hV7qGMZUH3utZLO/jK7p8rnNgGkjKUw8zCGjRQPxB8z6+5l8+VjRUQ3dNYu4vjqXYLr+U8ZVNA==",
      "dev": true
    },
    "node_modules/prismjs": {
      "version": "1.30.0",
      "resolved": "https://registry.npmmirror.com/prismjs/-/prismjs-1.30.0.tgz",
      "integrity": "sha512-DEvV2ZF2r2/63V+tK8hQvrR2ZGn10srHbXviTlcv7Kpzw8jWiNTqbVgjO3IY8RxrrOUF8VPMQQFysYYYv0YZxw==",
      "license": "MIT",
      "engines": {
        "node": ">=6"
      }
    },
    "node_modules/vconsole": {
      "version": "3.15.1",
      "resolved": "https://registry.npmmirror.com/vconsole/-/vconsole-3.15.1.tgz",
      "integrity": "sha512-KH8XLdrq9T5YHJO/ixrjivHfmF2PC2CdVoK6RWZB4yftMykYIaXY1mxZYAic70vADM54kpMQF+dYmvl5NRNy1g==",
      "dev": true,
      "license": "MIT",
      "dependencies": {
        "@babel/runtime": "^7.17.2",
        "copy-text-to-clipboard": "^3.0.1",
        "core-js": "^3.11.0",
        "mutation-observer": "^1.0.3"
      }
    }
  }
}
